// !$*UTF8*$!
{
	archiveVersion = 1;
	classes = {
	};
	objectVersion = 46;
	objects = {

/* Begin PBXBuildFile section */
		7B4E39A41D105FF70076EE31 /* main.m in Sources */ = {isa = PBXBuildFile; fileRef = 7B4E39A31D105FF70076EE31 /* main.m */; };
		7B4E39A71D105FF70076EE31 /* AppDelegate.m in Sources */ = {isa = PBXBuildFile; fileRef = 7B4E39A61D105FF70076EE31 /* AppDelegate.m */; };
		7B4E39AA1D105FF70076EE31 /* ViewController.m in Sources */ = {isa = PBXBuildFile; fileRef = 7B4E39A91D105FF70076EE31 /* ViewController.m */; };
		7B4E39AD1D105FF70076EE31 /* Main.storyboard in Resources */ = {isa = PBXBuildFile; fileRef = 7B4E39AB1D105FF70076EE31 /* Main.storyboard */; };
		7B4E39AF1D105FF70076EE31 /* Assets.xcassets in Resources */ = {isa = PBXBuildFile; fileRef = 7B4E39AE1D105FF70076EE31 /* Assets.xcassets */; };
		7B4E39B21D105FF70076EE31 /* LaunchScreen.storyboard in Resources */ = {isa = PBXBuildFile; fileRef = 7B4E39B01D105FF70076EE31 /* LaunchScreen.storyboard */; };
		7B4E39BB1D1063F50076EE31 /* TapImage.m in Sources */ = {isa = PBXBuildFile; fileRef = 7B4E39BA1D1063F50076EE31 /* TapImage.m */; };
/* End PBXBuildFile section */

/* Begin PBXFileReference section */
		7B4E399F1D105FF70076EE31 /* DelegateStockCode.app */ = {isa = PBXFileReference; explicitFileType = wrapper.application; includeInIndex = 0; path = DelegateStockCode.app; sourceTree = BUILT_PRODUCTS_DIR; };
		7B4E39A31D105FF70076EE31 /* main.m */ = {isa = PBXFileReference; lastKnownFileType = sourcecode.c.objc; path = main.m; sourceTree = "<group>"; };
		7B4E39A51D105FF70076EE31 /* AppDelegate.h */ = {isa = PBXFileReference; lastKnownFileType = sourcecode.c.h; path = AppDelegate.h; sourceTree = "<group>"; };
		7B4E39A61D105FF70076EE31 /* AppDelegate.m */ = {isa = PBXFileReference; lastKnownFileType = sourcecode.c.objc; path = AppDelegate.m; sourceTree = "<group>"; };
		7B4E39A81D105FF70076EE31 /* ViewController.h */ = {isa = PBXFileReference; lastKnownFileType = sourcecode.c.h; path = ViewController.h; sourceTree = "<group>"; };
		7B4E39A91D105FF70076EE31 /* ViewController.m */ = {isa = PBXFileReference; lastKnownFileType = sourcecode.c.objc; path = ViewController.m; sourceTree = "<group>"; };
		7B4E39AC1D105FF70076EE31 /* Base */ = {isa = PBXFileReference; lastKnownFileType = file.storyboard; name = Base; path = Base.lproj/Main.storyboard; sourceTree = "<group>"; };
		7B4E39AE1D105FF70076EE31 /* Assets.xcassets */ = {isa = PBXFileReference; lastKnownFileType = folder.assetcatalog; path = Assets.xcassets; sourceTree = "<group>"; };
		7B4E39B11D105FF70076EE31 /* Base */ = {isa = PBXFileReference; lastKnownFileType = file.storyboard; name = Base; path = Base.lproj/LaunchScreen.storyboard; sourceTree = "<group>"; };
		7B4E39B31D105FF70076EE31 /* Info.plist */ = {isa = PBXFileReference; lastKnownFileType = text.plist.xml; path = Info.plist; sourceTree = "<group>"; };
		7B4E39B91D1063F50076EE31 /* TapImage.h */ = {isa = PBXFileReference; fileEncoding = 4; lastKnownFileType = sourcecode.c.h; name = TapImage.h; path = ../TapImage.h; sourceTree = "<group>"; };
		7B4E39BA1D1063F50076EE31 /* TapImage.m */ = {isa = PBXFileReference; fileEncoding = 4; lastKnownFileType = sourcecode.c.objc; name = TapImage.m; path = ../TapImage.m; sourceTree = "<group>"; };
/* End PBXFileReference section */

/* Begin PBXFrameworksBuildPhase section */
		7B4E399C1D105FF70076EE31 /* Frameworks */ = {
			isa = PBXFrameworksBuildPhase;
			buildActionMask = 2147483647;
			files = (
			);
			runOnlyForDeploymentPostprocessing = 0;
		};
/* End PBXFrameworksBuildPhase section */

/* Begin PBXGroup section */
		7B4E39961D105FF70076EE31 = {
			isa = PBXGroup;
			children = (
				7B4E39A11D105FF70076EE31 /* DelegateStockCode */,
				7B4E39A01D105FF70076EE31 /* Products */,
			);
			sourceTree = "<group>";
		};
		7B4E39A01D105FF70076EE31 /* Products */ = {
			isa = PBXGroup;
			children = (
				7B4E399F1D105FF70076EE31 /* DelegateStockCode.app */,
			);
			name = Products;
			sourceTree = "<group>";
		};
		7B4E39A11D105FF70076EE31 /* DelegateStockCode */ = {
			isa = PBXGroup;
			children = (
				7B4E39BC1D1063FA0076EE31 /* model */,
				7B4E39BD1D1064000076EE31 /* view */,
				7B4E39BE1D1064060076EE31 /* controller */,
				7B4E39A51D105FF70076EE31 /* AppDelegate.h */,
				7B4E39A61D105FF70076EE31 /* AppDelegate.m */,
				7B4E39AB1D105FF70076EE31 /* Main.storyboard */,
				7B4E39AE1D105FF70076EE31 /* Assets.xcassets */,
				7B4E39B01D105FF70076EE31 /* LaunchScreen.storyboard */,
				7B4E39B31D105FF70076EE31 /* Info.plist */,
				7B4E39A21D105FF70076EE31 /* Supporting Files */,
			);
			path = DelegateStockCode;
			sourceTree = "<group>";
		};
		7B4E39A21D105FF70076EE31 /* Supporting Files */ = {
			isa = PBXGroup;
			children = (
				7B4E39A31D105FF70076EE31 /* main.m */,
			);
			name = "Supporting Files";
			sourceTree = "<group>";
		};
		7B4E39BC1D1063FA0076EE31 /* model */ = {
			isa = PBXGroup;
			children = (
				7B4E39B91D1063F50076EE31 /* TapImage.h */,
				7B4E39BA1D1063F50076EE31 /* TapImage.m */,
			);
			name = model;
			sourceTree = "<group>";
		};
		7B4E39BD1D1064000076EE31 /* view */ = {
			isa = PBXGroup;
			children = (
			);
			name = view;
			sourceTree = "<group>";
		};
		7B4E39BE1D1064060076EE31 /* controller */ = {
			isa = PBXGroup;
			children = (
				7B4E39A81D105FF70076EE31 /* ViewController.h */,
				7B4E39A91D105FF70076EE31 /* ViewController.m */,
			);
			name = controller;
			sourceTree = "<group>";
		};
/* End PBXGroup section */

/* Begin PBXNativeTarget section */
		7B4E399E1D105FF70076EE31 /* DelegateStockCode */ = {
			isa = PBXNativeTarget;
			buildConfigurationList = 7B4E39B61D105FF70076EE31 /* Build configuration list for PBXNativeTarget "DelegateStockCode" */;
			buildPhases = (
				7B4E399B1D105FF70076EE31 /* Sources */,
				7B4E399C1D105FF70076EE31 /* Frameworks */,
				7B4E399D1D105FF70076EE31 /* Resources */,
			);
			buildRules = (
			);
			dependencies = (
			);
			name = DelegateStockCode;
			productName = DelegateStockCode;
			productReference = 7B4E399F1D105FF70076EE31 /* DelegateStockCode.app */;
			productType = "com.apple.product-type.application";
		};
/* End PBXNativeTarget section */

/* Begin PBXProject section */
		7B4E39971D105FF70076EE31 /* Project object */ = {
			isa = PBXProject;
			attributes = {
				LastUpgradeCheck = 0730;
				ORGANIZATIONNAME = "James Rochabrun";
				TargetAttributes = {
					7B4E399E1D105FF70076EE31 = {
						CreatedOnToolsVersion = 7.3.1;
					};
				};
			};
			buildConfigurationList = 7B4E399A1D105FF70076EE31 /* Build configuration list for PBXProject "DelegateStockCode" */;
			compatibilityVersion = "Xcode 3.2";
			developmentRegion = English;
			hasScannedForEncodings = 0;
			knownRegions = (
				en,
				Base,
			);
			mainGroup = 7B4E39961D105FF70076EE31;
			productRefGroup = 7B4E39A01D105FF70076EE31 /* Products */;
			projectDirPath = "";
			projectRoot = "";
			targets = (
				7B4E399E1D105FF70076EE31 /* DelegateStockCode */,
			);
		};
/* End PBXProject section */

/* Begin PBXResourcesBuildPhase section */
		7B4E399D1D105FF70076EE31 /* Resources */ = {
			isa = PBXResourcesBuildPhase;
			buildActionMask = 2147483647;
			files = (
				7B4E39B21D105FF70076EE31 /* LaunchScreen.storyboard in Resources */,
				7B4E39AF1D105FF70076EE31 /* Assets.xcassets in Resources */,
				7B4E39AD1D105FF70076EE31 /* Main.storyboard in Resources */,
			);
			runOnlyForDeploymentPostprocessing = 0;
		};
/* End PBXResourcesBuildPhase section */

/* Begin PBXSourcesBuildPhase section */
		7B4E399B1D105FF70076EE31 /* Sources */ = {
			isa = PBXSourcesBuildPhase;
			buildActionMask = 2147483647;
			files = (
				7B4E39AA1D105FF70076EE31 /* ViewController.m in Sources */,
				7B4E39BB1D1063F50076EE31 /* TapImage.m in Sources */,
				7B4E39A71D105FF70076EE31 /* AppDelegate.m in Sources */,
				7B4E39A41D105FF70076EE31 /* main.m in Sources */,
			);
			runOnlyForDeploymentPostprocessing = 0;
		};
/* End PBXSourcesBuildPhase section */

/* Begin PBXVariantGroup section */
		7B4E39AB1D105FF70076EE31 /* Main.storyboard */ = {
			isa = PBXVariantGroup;
			children = (
				7B4E39AC1D105FF70076EE31 /* Base */,
			);
			name = Main.storyboard;
			sourceTree = "<group>";
		};
		7B4E39B01D105FF70076EE31 /* LaunchScreen.storyboard */ = {
			isa = PBXVariantGroup;
			children = (
				7B4E39B11D105FF70076EE31 /* Base */,
			);
			name = LaunchScreen.storyboard;
			sourceTree = "<group>";
		};
/* End PBXVariantGroup section */

/* Begin XCBuildConfiguration section */
		7B4E39B41D105FF70076EE31 /* Debug */ = {
			isa = XCBuildConfiguration;
			buildSettings = {
				ALWAYS_SEARCH_USER_PATHS = NO;
				CLANG_ANALYZER_NONNULL = YES;
				CLANG_CXX_LANGUAGE_STANDARD = "gnu++0x";
				CLANG_CXX_LIBRARY = "libc++";
				CLANG_ENABLE_MODULES = YES;
				CLANG_ENABLE_OBJC_ARC = YES;
				CLANG_WARN_BOOL_CONVERSION = YES;
				CLANG_WARN_CONSTANT_CONVERSION = YES;
				CLANG_WARN_DIRECT_OBJC_ISA_USAGE = YES_ERROR;
				CLANG_WARN_EMPTY_BODY = YES;
				CLANG_WARN_ENUM_CONVERSION = YES;
				CLANG_WARN_INT_CONVERSION = YES;
				CLANG_WARN_OBJC_ROOT_CLASS = YES_ERROR;
				CLANG_WARN_UNREACHABLE_CODE = YES;
				CLANG_WARN__DUPLICATE_METHOD_MATCH = YES;
				"CODE_SIGN_IDENTITY[sdk=iphoneos*]" = "iPhone Developer";
				COPY_PHASE_STRIP = NO;
				DEBUG_INFORMATION_FORMAT = dwarf;
				ENABLE_STRICT_OBJC_MSGSEND = YES;
				ENABLE_TESTABILITY = YES;
				GCC_C_LANGUAGE_STANDARD = gnu99;
				GCC_DYNAMIC_NO_PIC = NO;
				GCC_NO_COMMON_BLOCKS = YES;
				GCC_OPTIMIZATION_LEVEL = 0;
				GCC_PREPROCESSOR_DEFINITIONS = (
					"DEBUG=1",
					"$(inherited)",
				);
				GCC_WARN_64_TO_32_BIT_CONVERSION = YES;
				GCC_WARN_ABOUT_RETURN_TYPE = YES_ERROR;
				GCC_WARN_UNDECLARED_SELECTOR = YES;
				GCC_WARN_UNINITIALIZED_AUTOS = YES_AGGRESSIVE;
				GCC_WARN_UNUSED_FUNCTION = YES;
				GCC_WARN_UNUSED_VARIABLE = YES;
				IPHONEOS_DEPLOYMENT_TARGET = 9.3;
				MTL_ENABLE_DEBUG_INFO = YES;
				ONLY_ACTIVE_ARCH = YES;
				SDKROOT = iphoneos;
				TARGETED_DEVICE_FAMILY = "1,2";
			};
			name = Debug;
		};
		7B4E39B51D105FF70076EE31 /* Release */ = {
			isa = XCBuildConfiguration;
			buildSettings = {
				ALWAYS_SEARCH_USER_PATHS = NO;
				CLANG_ANALYZER_NONNULL = YES;
				CLANG_CXX_LANGUAGE_STANDARD = "gnu++0x";
				CLANG_CXX_LIBRARY = "libc++";
				CLANG_ENABLE_MODULES = YES;
				CLANG_ENABLE_OBJC_ARC = YES;
				CLANG_WARN_BOOL_CONVERSION = YES;
				CLANG_WARN_CONSTANT_CONVERSION = YES;
				CLANG_WARN_DIRECT_OBJC_ISA_USAGE = YES_ERROR;
				CLANG_WARN_EMPTY_BODY = YES;
				CLANG_WARN_ENUM_CONVERSION = YES;
				CLANG_WARN_INT_CONVERSION = YES;
				CLANG_WARN_OBJC_ROOT_CLASS = YES_ERROR;
				CLANG_WARN_UNREACHABLE_CODE = YES;
				CLANG_WARN__DUPLICATE_METHOD_MATCH = YES;
				"CODE_SIGN_IDENTITY[sdk=iphoneos*]" = "iPhone Developer";
				COPY_PHASE_STRIP = NO;
				DEBUG_INFORMATION_FORMAT = "dwarf-with-dsym";
				ENABLE_NS_ASSERTIONS = NO;
				ENABLE_STRICT_OBJC_MSGSEND = YES;
				GCC_C_LANGUAGE_STANDARD = gnu99;
				GCC_NO_COMMON_BLOCKS = YES;
				GCC_WARN_64_TO_32_BIT_CONVERSION = YES;
				GCC_WARN_ABOUT_RETURN_TYPE = YES_ERROR;
				GCC_WARN_UNDECLARED_SELECTOR = YES;
				GCC_WARN_UNINITIALIZED_AUTOS = YES_AGGRESSIVE;
				GCC_WARN_UNUSED_FUNCTION = YES;
				GCC_WARN_UNUSED_VARIABLE = YES;
				IPHONEOS_DEPLOYMENT_TARGET = 9.3;
				MTL_ENABLE_DEBUG_INFO = NO;
				SDKROOT = iphoneos;
				TARGETED_DEVICE_FAMILY = "1,2";
				VALIDATE_PRODUCT = YES;
			};
			name = Release;
		};
		7B4E39B71D105FF70076EE31 /* Debug */ = {
			isa = XCBuildConfiguration;
			buildSettings = {
				ASSETCATALOG_COMPILER_APPICON_NAME = AppIcon;
				INFOPLIST_FILE = DelegateStockCode/Info.plist;
				LD_RUNPATH_SEARCH_PATHS = "$(inherited) @executable_path/Frameworks";
				PRODUCT_BUNDLE_IDENTIFIER = com.deemelo.delegation.DelegateStockCode;
				PRODUCT_NAME = "$(TARGET_NAME)";
			};
			name = Debug;
		};
		7B4E39B81D105FF70076EE31 /* Release */ = {
			isa = XCBuildConfiguration;
			buildSettings = {
				ASSETCATALOG_COMPILER_APPICON_NAME = AppIcon;
				INFOPLIST_FILE = DelegateStockCode/Info.plist;
				LD_RUNPATH_SEARCH_PATHS = "$(inherited) @executable_path/Frameworks";
				PRODUCT_BUNDLE_IDENTIFIER = com.deemelo.delegation.DelegateStockCode;
				PRODUCT_NAME = "$(TARGET_NAME)";
			};
			name = Release;
		};
/* End XCBuildConfiguration section */

/* Begin XCConfigurationList section */
		7B4E399A1D105FF70076EE31 /* Build configuration list for PBXProject "DelegateStockCode" */ = {
			isa = XCConfigurationList;
			buildConfigurations = (
				7B4E39B41D105FF70076EE31 /* Debug */,
				7B4E39B51D105FF70076EE31 /* Release */,
			);
			defaultConfigurationIsVisible = 0;
			defaultConfigurationName = Release;
		};
		7B4E39B61D105FF70076EE31 /* Build configuration list for PBXNativeTarget "DelegateStockCode" */ = {
			isa = XCConfigurationList;
			buildConfigurations = (
				7B4E39B71D105FF70076EE31 /* Debug */,
				7B4E39B81D105FF70076EE31 /* Release */,
			);
			defaultConfigurationIsVisible = 0;
		};
/* End XCConfigurationList section */
	};
	rootObject = 7B4E39971D105FF70076EE31 /* Project object */;
}
